
Microsoft Visual Studio Solution File, Format Version 12.00
# Visual Studio Version 17
VisualStudioVersion = 17.12.35527.113 d17.12
MinimumVisualStudioVersion = 10.0.40219.1
Project("{FAE04EC0-301F-11D3-BF4B-00C04F79EFBC}") = "radoslawtajdus122745", "radoslawtajdus122745\radoslawtajdus122745.csproj", "{0162A9DA-5298-44FB-8D90-2C1E3C14DD04}"
EndProject
Global
	GlobalSection(SolutionConfigurationPlatforms) = preSolution
		Debug|Any CPU = Debug|Any CPU
		Release|Any CPU = Release|Any CPU
	EndGlobalSection
	GlobalSection(ProjectConfigurationPlatforms) = postSolution
		{0162A9DA-5298-44FB-8D90-2C1E3C14DD04}.Debug|Any CPU.ActiveCfg = Debug|Any CPU
		{0162A9DA-5298-44FB-8D90-2C1E3C14DD04}.Debug|Any CPU.Build.0 = Debug|Any CPU
		{0162A9DA-5298-44FB-8D90-2C1E3C14DD04}.Release|Any CPU.ActiveCfg = Release|Any CPU
		{0162A9DA-5298-44FB-8D90-2C1E3C14DD04}.Release|Any CPU.Build.0 = Release|Any CPU
	EndGlobalSection
	GlobalSection(SolutionProperties) = preSolution
		HideSolutionNode = FALSE
	EndGlobalSection
EndGlobal
